
Microsoft Visual Studio Solution File, Format Version 12.00
# Visual Studio Version 17
VisualStudioVersion = 17.4.33110.190
MinimumVisualStudioVersion = 10.0.40219.1
Project("{FAE04EC0-301F-11D3-BF4B-00C04F79EFBC}") = "WideWorldImporters.API", "WideWorldImporters.API.csproj", "{2BDAE0AD-218D-4A05-9F34-61876D86474E}"
EndProject
Project("{FAE04EC0-301F-11D3-BF4B-00C04F79EFBC}") = "WideWorldImporters.API.UnitTests", "..\WideWorldImporters.API.UnitTests\WideWorldImporters.API.UnitTests.csproj", "{422476FA-8E3E-41BC-B61A-A43E6ECD0650}"
EndProject
Project("{FAE04EC0-301F-11D3-BF4B-00C04F79EFBC}") = "WideWorldImporters.API.IntegrationTests", "..\WideWorldImporters.API.IntegrationTests\WideWorldImporters.API.IntegrationTests.csproj", "{9FF97C6B-BCBE-44E4-BE73-907F18217DC0}"
EndProject
Global
	GlobalSection(SolutionConfigurationPlatforms) = preSolution
		Debug|Any CPU = Debug|Any CPU
		Release|Any CPU = Release|Any CPU
	EndGlobalSection
	GlobalSection(ProjectConfigurationPlatforms) = postSolution
		{2BDAE0AD-218D-4A05-9F34-61876D86474E}.Debug|Any CPU.ActiveCfg = Debug|Any CPU
		{2BDAE0AD-218D-4A05-9F34-61876D86474E}.Debug|Any CPU.Build.0 = Debug|Any CPU
		{2BDAE0AD-218D-4A05-9F34-61876D86474E}.Release|Any CPU.ActiveCfg = Release|Any CPU
		{2BDAE0AD-218D-4A05-9F34-61876D86474E}.Release|Any CPU.Build.0 = Release|Any CPU
		{422476FA-8E3E-41BC-B61A-A43E6ECD0650}.Debug|Any CPU.ActiveCfg = Debug|Any CPU
		{422476FA-8E3E-41BC-B61A-A43E6ECD0650}.Debug|Any CPU.Build.0 = Debug|Any CPU
		{422476FA-8E3E-41BC-B61A-A43E6ECD0650}.Release|Any CPU.ActiveCfg = Release|Any CPU
		{422476FA-8E3E-41BC-B61A-A43E6ECD0650}.Release|Any CPU.Build.0 = Release|Any CPU
		{9FF97C6B-BCBE-44E4-BE73-907F18217DC0}.Debug|Any CPU.ActiveCfg = Debug|Any CPU
		{9FF97C6B-BCBE-44E4-BE73-907F18217DC0}.Debug|Any CPU.Build.0 = Debug|Any CPU
		{9FF97C6B-BCBE-44E4-BE73-907F18217DC0}.Release|Any CPU.ActiveCfg = Release|Any CPU
		{9FF97C6B-BCBE-44E4-BE73-907F18217DC0}.Release|Any CPU.Build.0 = Release|Any CPU
	EndGlobalSection
	GlobalSection(SolutionProperties) = preSolution
		HideSolutionNode = FALSE
	EndGlobalSection
	GlobalSection(ExtensibilityGlobals) = postSolution
		SolutionGuid = {8E6A45C3-90E5-45BA-B2CB-BDD3A836F2EF}
	EndGlobalSection
EndGlobal
