
Microsoft Visual Studio Solution File, Format Version 12.00
# Visual Studio Version 17
VisualStudioVersion = 17.3.32825.248
MinimumVisualStudioVersion = 10.0.40219.1
Project("{FAE04EC0-301F-11D3-BF4B-00C04F79EFBC}") = "TP01", "TP01.csproj", "{F62E69EC-6F5A-4C8A-AE2A-A915C57ABF1D}"
EndProject
Global
	GlobalSection(SolutionConfigurationPlatforms) = preSolution
		Debug|Any CPU = Debug|Any CPU
		Release|Any CPU = Release|Any CPU
	EndGlobalSection
	GlobalSection(ProjectConfigurationPlatforms) = postSolution
		{F62E69EC-6F5A-4C8A-AE2A-A915C57ABF1D}.Debug|Any CPU.ActiveCfg = Debug|Any CPU
		{F62E69EC-6F5A-4C8A-AE2A-A915C57ABF1D}.Debug|Any CPU.Build.0 = Debug|Any CPU
		{F62E69EC-6F5A-4C8A-AE2A-A915C57ABF1D}.Release|Any CPU.ActiveCfg = Release|Any CPU
		{F62E69EC-6F5A-4C8A-AE2A-A915C57ABF1D}.Release|Any CPU.Build.0 = Release|Any CPU
	EndGlobalSection
	GlobalSection(SolutionProperties) = preSolution
		HideSolutionNode = FALSE
	EndGlobalSection
	GlobalSection(ExtensibilityGlobals) = postSolution
		SolutionGuid = {BE4F9CAA-0239-4B31-AACE-694B515975D4}
	EndGlobalSection
EndGlobal
